
Microsoft Visual Studio Solution File, Format Version 12.00
# Visual Studio Version 17
VisualStudioVersion = 17.14.36429.23 d17.14
MinimumVisualStudioVersion = 10.0.40219.1
Project("{8BC9CEB8-8B4A-11D0-8D11-00A0C91BC942}") = "VT_demo", "VT_demo.vcxproj", "{D59BA9C6-5102-FBA9-F6F3-66BC5BB5AD30}"
EndProject
Global
	GlobalSection(SolutionConfigurationPlatforms) = preSolution
		Debug|ARM64 = Debug|ARM64
		Debug|x64 = Debug|x64
		Release|ARM64 = Release|ARM64
		Release|x64 = Release|x64
	EndGlobalSection
	GlobalSection(ProjectConfigurationPlatforms) = postSolution
		{D59BA9C6-5102-FBA9-F6F3-66BC5BB5AD30}.Debug|ARM64.ActiveCfg = Debug|ARM64
		{D59BA9C6-5102-FBA9-F6F3-66BC5BB5AD30}.Debug|ARM64.Build.0 = Debug|ARM64
		{D59BA9C6-5102-FBA9-F6F3-66BC5BB5AD30}.Debug|ARM64.Deploy.0 = Debug|ARM64
		{D59BA9C6-5102-FBA9-F6F3-66BC5BB5AD30}.Debug|x64.ActiveCfg = Debug|x64
		{D59BA9C6-5102-FBA9-F6F3-66BC5BB5AD30}.Debug|x64.Build.0 = Debug|x64
		{D59BA9C6-5102-FBA9-F6F3-66BC5BB5AD30}.Debug|x64.Deploy.0 = Debug|x64
		{D59BA9C6-5102-FBA9-F6F3-66BC5BB5AD30}.Release|ARM64.ActiveCfg = Release|ARM64
		{D59BA9C6-5102-FBA9-F6F3-66BC5BB5AD30}.Release|ARM64.Build.0 = Release|ARM64
		{D59BA9C6-5102-FBA9-F6F3-66BC5BB5AD30}.Release|ARM64.Deploy.0 = Release|ARM64
		{D59BA9C6-5102-FBA9-F6F3-66BC5BB5AD30}.Release|x64.ActiveCfg = Release|x64
		{D59BA9C6-5102-FBA9-F6F3-66BC5BB5AD30}.Release|x64.Build.0 = Release|x64
		{D59BA9C6-5102-FBA9-F6F3-66BC5BB5AD30}.Release|x64.Deploy.0 = Release|x64
	EndGlobalSection
	GlobalSection(SolutionProperties) = preSolution
		HideSolutionNode = FALSE
	EndGlobalSection
	GlobalSection(ExtensibilityGlobals) = postSolution
		SolutionGuid = {D8BB9D3E-D2D0-47C7-86D5-60C1F549B5C1}
	EndGlobalSection
EndGlobal
